
Microsoft Visual Studio Solution File, Format Version 12.00
# Visual Studio 15
VisualStudioVersion = 15.0.27130.2024
MinimumVisualStudioVersion = 10.0.40219.1
Project("{FAE04EC0-301F-11D3-BF4B-00C04F79EFBC}") = "PicturePostcard.Android", "PicturePostcard\PicturePostcard.Android\PicturePostcard.Android.csproj", "{E979272C-B725-4B94-BE27-58DC3FDFBBDB}"
EndProject
Project("{FAE04EC0-301F-11D3-BF4B-00C04F79EFBC}") = "PicturePostcard.iOS", "PicturePostcard\PicturePostcard.iOS\PicturePostcard.iOS.csproj", "{85707998-85DC-4F6D-8096-58A0F6E61A34}"
EndProject
Project("{FAE04EC0-301F-11D3-BF4B-00C04F79EFBC}") = "PicturePostcard.UWP", "PicturePostcard\PicturePostcard.UWP\PicturePostcard.UWP.csproj", "{88757998-8F93-476C-99B0-A11E9FD146B2}"
EndProject
Project("{9A19103F-16F7-4668-BE54-9A1E7A4F7556}") = "PicturePostcard.Forms", "PicturePostcard\PicturePostcard\PicturePostcard.Forms.csproj", "{5F3805D3-70E1-4BFD-AC02-ADAD2E1C4C2F}"
EndProject
Project("{9A19103F-16F7-4668-BE54-9A1E7A4F7556}") = "PicturePostcard.Shared", "PicturePostcard\PicturePostcard.Shared\PicturePostcard.Shared.csproj", "{156185C1-8BFA-4AAF-A955-646D561B542B}"
EndProject
Project("{2150E333-8FDC-42A3-9474-1A3956D46DE8}") = "Forms", "Forms", "{5EBBFCE9-80E9-446D-AA33-E85153677FB8}"
EndProject
Project("{9A19103F-16F7-4668-BE54-9A1E7A4F7556}") = "PicturePostcard.UnitTests", "PicturePostcard.UnitTests\PicturePostcard.UnitTests.csproj", "{3D7A55DF-FE08-4561-B5C5-11A5921E2586}"
EndProject
Global
	GlobalSection(SolutionConfigurationPlatforms) = preSolution
		Ad-Hoc|Any CPU = Ad-Hoc|Any CPU
		Ad-Hoc|ARM = Ad-Hoc|ARM
		Ad-Hoc|iPhone = Ad-Hoc|iPhone
		Ad-Hoc|iPhoneSimulator = Ad-Hoc|iPhoneSimulator
		Ad-Hoc|x64 = Ad-Hoc|x64
		Ad-Hoc|x86 = Ad-Hoc|x86
		AppStore|Any CPU = AppStore|Any CPU
		AppStore|ARM = AppStore|ARM
		AppStore|iPhone = AppStore|iPhone
		AppStore|iPhoneSimulator = AppStore|iPhoneSimulator
		AppStore|x64 = AppStore|x64
		AppStore|x86 = AppStore|x86
		Debug|Any CPU = Debug|Any CPU
		Debug|ARM = Debug|ARM
		Debug|iPhone = Debug|iPhone
		Debug|iPhoneSimulator = Debug|iPhoneSimulator
		Debug|x64 = Debug|x64
		Debug|x86 = Debug|x86
		Release|Any CPU = Release|Any CPU
		Release|ARM = Release|ARM
		Release|iPhone = Release|iPhone
		Release|iPhoneSimulator = Release|iPhoneSimulator
		Release|x64 = Release|x64
		Release|x86 = Release|x86
	EndGlobalSection
	GlobalSection(ProjectConfigurationPlatforms) = postSolution
		{E979272C-B725-4B94-BE27-58DC3FDFBBDB}.Ad-Hoc|Any CPU.ActiveCfg = Release|Any CPU
		{E979272C-B725-4B94-BE27-58DC3FDFBBDB}.Ad-Hoc|Any CPU.Build.0 = Release|Any CPU
		{E979272C-B725-4B94-BE27-58DC3FDFBBDB}.Ad-Hoc|Any CPU.Deploy.0 = Release|Any CPU
		{E979272C-B725-4B94-BE27-58DC3FDFBBDB}.Ad-Hoc|ARM.ActiveCfg = Release|Any CPU
		{E979272C-B725-4B94-BE27-58DC3FDFBBDB}.Ad-Hoc|ARM.Build.0 = Release|Any CPU
		{E979272C-B725-4B94-BE27-58DC3FDFBBDB}.Ad-Hoc|ARM.Deploy.0 = Release|Any CPU
		{E979272C-B725-4B94-BE27-58DC3FDFBBDB}.Ad-Hoc|iPhone.ActiveCfg = Release|Any CPU
		{E979272C-B725-4B94-BE27-58DC3FDFBBDB}.Ad-Hoc|iPhone.Build.0 = Release|Any CPU
		{E979272C-B725-4B94-BE27-58DC3FDFBBDB}.Ad-Hoc|iPhone.Deploy.0 = Release|Any CPU
		{E979272C-B725-4B94-BE27-58DC3FDFBBDB}.Ad-Hoc|iPhoneSimulator.ActiveCfg = Release|Any CPU
		{E979272C-B725-4B94-BE27-58DC3FDFBBDB}.Ad-Hoc|iPhoneSimulator.Build.0 = Release|Any CPU
		{E979272C-B725-4B94-BE27-58DC3FDFBBDB}.Ad-Hoc|iPhoneSimulator.Deploy.0 = Release|Any CPU
		{E979272C-B725-4B94-BE27-58DC3FDFBBDB}.Ad-Hoc|x64.ActiveCfg = Release|Any CPU
		{E979272C-B725-4B94-BE27-58DC3FDFBBDB}.Ad-Hoc|x64.Build.0 = Release|Any CPU
		{E979272C-B725-4B94-BE27-58DC3FDFBBDB}.Ad-Hoc|x64.Deploy.0 = Release|Any CPU
		{E979272C-B725-4B94-BE27-58DC3FDFBBDB}.Ad-Hoc|x86.ActiveCfg = Release|Any CPU
		{E979272C-B725-4B94-BE27-58DC3FDFBBDB}.Ad-Hoc|x86.Build.0 = Release|Any CPU
		{E979272C-B725-4B94-BE27-58DC3FDFBBDB}.Ad-Hoc|x86.Deploy.0 = Release|Any CPU
		{E979272C-B725-4B94-BE27-58DC3FDFBBDB}.AppStore|Any CPU.ActiveCfg = Release|Any CPU
		{E979272C-B725-4B94-BE27-58DC3FDFBBDB}.AppStore|Any CPU.Build.0 = Release|Any CPU
		{E979272C-B725-4B94-BE27-58DC3FDFBBDB}.AppStore|Any CPU.Deploy.0 = Release|Any CPU
		{E979272C-B725-4B94-BE27-58DC3FDFBBDB}.AppStore|ARM.ActiveCfg = Release|Any CPU
		{E979272C-B725-4B94-BE27-58DC3FDFBBDB}.AppStore|ARM.Build.0 = Release|Any CPU
		{E979272C-B725-4B94-BE27-58DC3FDFBBDB}.AppStore|ARM.Deploy.0 = Release|Any CPU
		{E979272C-B725-4B94-BE27-58DC3FDFBBDB}.AppStore|iPhone.ActiveCfg = Release|Any CPU
		{E979272C-B725-4B94-BE27-58DC3FDFBBDB}.AppStore|iPhone.Build.0 = Release|Any CPU
		{E979272C-B725-4B94-BE27-58DC3FDFBBDB}.AppStore|iPhone.Deploy.0 = Release|Any CPU
		{E979272C-B725-4B94-BE27-58DC3FDFBBDB}.AppStore|iPhoneSimulator.ActiveCfg = Release|Any CPU
		{E979272C-B725-4B94-BE27-58DC3FDFBBDB}.AppStore|iPhoneSimulator.Build.0 = Release|Any CPU
		{E979272C-B725-4B94-BE27-58DC3FDFBBDB}.AppStore|iPhoneSimulator.Deploy.0 = Release|Any CPU
		{E979272C-B725-4B94-BE27-58DC3FDFBBDB}.AppStore|x64.ActiveCfg = Release|Any CPU
		{E979272C-B725-4B94-BE27-58DC3FDFBBDB}.AppStore|x64.Build.0 = Release|Any CPU
		{E979272C-B725-4B94-BE27-58DC3FDFBBDB}.AppStore|x64.Deploy.0 = Release|Any CPU
		{E979272C-B725-4B94-BE27-58DC3FDFBBDB}.AppStore|x86.ActiveCfg = Release|Any CPU
		{E979272C-B725-4B94-BE27-58DC3FDFBBDB}.AppStore|x86.Build.0 = Release|Any CPU
		{E979272C-B725-4B94-BE27-58DC3FDFBBDB}.AppStore|x86.Deploy.0 = Release|Any CPU
		{E979272C-B725-4B94-BE27-58DC3FDFBBDB}.Debug|Any CPU.ActiveCfg = Debug|Any CPU
		{E979272C-B725-4B94-BE27-58DC3FDFBBDB}.Debug|Any CPU.Build.0 = Debug|Any CPU
		{E979272C-B725-4B94-BE27-58DC3FDFBBDB}.Debug|Any CPU.Deploy.0 = Debug|Any CPU
		{E979272C-B725-4B94-BE27-58DC3FDFBBDB}.Debug|ARM.ActiveCfg = Debug|Any CPU
		{E979272C-B725-4B94-BE27-58DC3FDFBBDB}.Debug|ARM.Build.0 = Debug|Any CPU
		{E979272C-B725-4B94-BE27-58DC3FDFBBDB}.Debug|ARM.Deploy.0 = Debug|Any CPU
		{E979272C-B725-4B94-BE27-58DC3FDFBBDB}.Debug|iPhone.ActiveCfg = Debug|Any CPU
		{E979272C-B725-4B94-BE27-58DC3FDFBBDB}.Debug|iPhone.Build.0 = Debug|Any CPU
		{E979272C-B725-4B94-BE27-58DC3FDFBBDB}.Debug|iPhone.Deploy.0 = Debug|Any CPU
		{E979272C-B725-4B94-BE27-58DC3FDFBBDB}.Debug|iPhoneSimulator.ActiveCfg = Debug|Any CPU
		{E979272C-B725-4B94-BE27-58DC3FDFBBDB}.Debug|iPhoneSimulator.Build.0 = Debug|Any CPU
		{E979272C-B725-4B94-BE27-58DC3FDFBBDB}.Debug|iPhoneSimulator.Deploy.0 = Debug|Any CPU
		{E979272C-B725-4B94-BE27-58DC3FDFBBDB}.Debug|x64.ActiveCfg = Debug|Any CPU
		{E979272C-B725-4B94-BE27-58DC3FDFBBDB}.Debug|x64.Build.0 = Debug|Any CPU
		{E979272C-B725-4B94-BE27-58DC3FDFBBDB}.Debug|x64.Deploy.0 = Debug|Any CPU
		{E979272C-B725-4B94-BE27-58DC3FDFBBDB}.Debug|x86.ActiveCfg = Debug|Any CPU
		{E979272C-B725-4B94-BE27-58DC3FDFBBDB}.Debug|x86.Build.0 = Debug|Any CPU
		{E979272C-B725-4B94-BE27-58DC3FDFBBDB}.Debug|x86.Deploy.0 = Debug|Any CPU
		{E979272C-B725-4B94-BE27-58DC3FDFBBDB}.Release|Any CPU.ActiveCfg = Release|Any CPU
		{E979272C-B725-4B94-BE27-58DC3FDFBBDB}.Release|Any CPU.Build.0 = Release|Any CPU
		{E979272C-B725-4B94-BE27-58DC3FDFBBDB}.Release|Any CPU.Deploy.0 = Release|Any CPU
		{E979272C-B725-4B94-BE27-58DC3FDFBBDB}.Release|ARM.ActiveCfg = Release|Any CPU
		{E979272C-B725-4B94-BE27-58DC3FDFBBDB}.Release|ARM.Build.0 = Release|Any CPU
		{E979272C-B725-4B94-BE27-58DC3FDFBBDB}.Release|ARM.Deploy.0 = Release|Any CPU
		{E979272C-B725-4B94-BE27-58DC3FDFBBDB}.Release|iPhone.ActiveCfg = Release|Any CPU
		{E979272C-B725-4B94-BE27-58DC3FDFBBDB}.Release|iPhone.Build.0 = Release|Any CPU
		{E979272C-B725-4B94-BE27-58DC3FDFBBDB}.Release|iPhone.Deploy.0 = Release|Any CPU
		{E979272C-B725-4B94-BE27-58DC3FDFBBDB}.Release|iPhoneSimulator.ActiveCfg = Release|Any CPU
		{E979272C-B725-4B94-BE27-58DC3FDFBBDB}.Release|iPhoneSimulator.Build.0 = Release|Any CPU
		{E979272C-B725-4B94-BE27-58DC3FDFBBDB}.Release|iPhoneSimulator.Deploy.0 = Release|Any CPU
		{E979272C-B725-4B94-BE27-58DC3FDFBBDB}.Release|x64.ActiveCfg = Release|Any CPU
		{E979272C-B725-4B94-BE27-58DC3FDFBBDB}.Release|x64.Build.0 = Release|Any CPU
		{E979272C-B725-4B94-BE27-58DC3FDFBBDB}.Release|x64.Deploy.0 = Release|Any CPU
		{E979272C-B725-4B94-BE27-58DC3FDFBBDB}.Release|x86.ActiveCfg = Release|Any CPU
		{E979272C-B725-4B94-BE27-58DC3FDFBBDB}.Release|x86.Build.0 = Release|Any CPU
		{E979272C-B725-4B94-BE27-58DC3FDFBBDB}.Release|x86.Deploy.0 = Release|Any CPU
		{85707998-85DC-4F6D-8096-58A0F6E61A34}.Ad-Hoc|Any CPU.ActiveCfg = Ad-Hoc|iPhone
		{85707998-85DC-4F6D-8096-58A0F6E61A34}.Ad-Hoc|ARM.ActiveCfg = Ad-Hoc|iPhone
		{85707998-85DC-4F6D-8096-58A0F6E61A34}.Ad-Hoc|iPhone.ActiveCfg = Ad-Hoc|iPhone
		{85707998-85DC-4F6D-8096-58A0F6E61A34}.Ad-Hoc|iPhone.Build.0 = Ad-Hoc|iPhone
		{85707998-85DC-4F6D-8096-58A0F6E61A34}.Ad-Hoc|iPhoneSimulator.ActiveCfg = Ad-Hoc|iPhoneSimulator
		{85707998-85DC-4F6D-8096-58A0F6E61A34}.Ad-Hoc|iPhoneSimulator.Build.0 = Ad-Hoc|iPhoneSimulator
		{85707998-85DC-4F6D-8096-58A0F6E61A34}.Ad-Hoc|x64.ActiveCfg = Ad-Hoc|iPhone
		{85707998-85DC-4F6D-8096-58A0F6E61A34}.Ad-Hoc|x86.ActiveCfg = Ad-Hoc|iPhone
		{85707998-85DC-4F6D-8096-58A0F6E61A34}.AppStore|Any CPU.ActiveCfg = AppStore|iPhone
		{85707998-85DC-4F6D-8096-58A0F6E61A34}.AppStore|ARM.ActiveCfg = AppStore|iPhone
		{85707998-85DC-4F6D-8096-58A0F6E61A34}.AppStore|iPhone.ActiveCfg = AppStore|iPhone
		{85707998-85DC-4F6D-8096-58A0F6E61A34}.AppStore|iPhone.Build.0 = AppStore|iPhone
		{85707998-85DC-4F6D-8096-58A0F6E61A34}.AppStore|iPhoneSimulator.ActiveCfg = AppStore|iPhoneSimulator
		{85707998-85DC-4F6D-8096-58A0F6E61A34}.AppStore|iPhoneSimulator.Build.0 = AppStore|iPhoneSimulator
		{85707998-85DC-4F6D-8096-58A0F6E61A34}.AppStore|x64.ActiveCfg = AppStore|iPhone
		{85707998-85DC-4F6D-8096-58A0F6E61A34}.AppStore|x86.ActiveCfg = AppStore|iPhone
		{85707998-85DC-4F6D-8096-58A0F6E61A34}.Debug|Any CPU.ActiveCfg = Debug|iPhone
		{85707998-85DC-4F6D-8096-58A0F6E61A34}.Debug|ARM.ActiveCfg = Debug|iPhone
		{85707998-85DC-4F6D-8096-58A0F6E61A34}.Debug|iPhone.ActiveCfg = Debug|iPhone
		{85707998-85DC-4F6D-8096-58A0F6E61A34}.Debug|iPhone.Build.0 = Debug|iPhone
		{85707998-85DC-4F6D-8096-58A0F6E61A34}.Debug|iPhoneSimulator.ActiveCfg = Debug|iPhoneSimulator
		{85707998-85DC-4F6D-8096-58A0F6E61A34}.Debug|iPhoneSimulator.Build.0 = Debug|iPhoneSimulator
		{85707998-85DC-4F6D-8096-58A0F6E61A34}.Debug|x64.ActiveCfg = Debug|iPhone
		{85707998-85DC-4F6D-8096-58A0F6E61A34}.Debug|x86.ActiveCfg = Debug|iPhone
		{85707998-85DC-4F6D-8096-58A0F6E61A34}.Release|Any CPU.ActiveCfg = Release|iPhone
		{85707998-85DC-4F6D-8096-58A0F6E61A34}.Release|ARM.ActiveCfg = Release|iPhone
		{85707998-85DC-4F6D-8096-58A0F6E61A34}.Release|iPhone.ActiveCfg = Release|iPhone
		{85707998-85DC-4F6D-8096-58A0F6E61A34}.Release|iPhone.Build.0 = Release|iPhone
		{85707998-85DC-4F6D-8096-58A0F6E61A34}.Release|iPhoneSimulator.ActiveCfg = Release|iPhoneSimulator
		{85707998-85DC-4F6D-8096-58A0F6E61A34}.Release|iPhoneSimulator.Build.0 = Release|iPhoneSimulator
		{85707998-85DC-4F6D-8096-58A0F6E61A34}.Release|x64.ActiveCfg = Release|iPhone
		{85707998-85DC-4F6D-8096-58A0F6E61A34}.Release|x86.ActiveCfg = Release|iPhone
		{88757998-8F93-476C-99B0-A11E9FD146B2}.Ad-Hoc|Any CPU.ActiveCfg = Release|x86
		{88757998-8F93-476C-99B0-A11E9FD146B2}.Ad-Hoc|Any CPU.Build.0 = Release|x86
		{88757998-8F93-476C-99B0-A11E9FD146B2}.Ad-Hoc|Any CPU.Deploy.0 = Release|x86
		{88757998-8F93-476C-99B0-A11E9FD146B2}.Ad-Hoc|ARM.ActiveCfg = Release|ARM
		{88757998-8F93-476C-99B0-A11E9FD146B2}.Ad-Hoc|ARM.Build.0 = Release|ARM
		{88757998-8F93-476C-99B0-A11E9FD146B2}.Ad-Hoc|ARM.Deploy.0 = Release|ARM
		{88757998-8F93-476C-99B0-A11E9FD146B2}.Ad-Hoc|iPhone.ActiveCfg = Release|x86
		{88757998-8F93-476C-99B0-A11E9FD146B2}.Ad-Hoc|iPhone.Build.0 = Release|x86
		{88757998-8F93-476C-99B0-A11E9FD146B2}.Ad-Hoc|iPhone.Deploy.0 = Release|x86
		{88757998-8F93-476C-99B0-A11E9FD146B2}.Ad-Hoc|iPhoneSimulator.ActiveCfg = Release|x86
		{88757998-8F93-476C-99B0-A11E9FD146B2}.Ad-Hoc|iPhoneSimulator.Build.0 = Release|x86
		{88757998-8F93-476C-99B0-A11E9FD146B2}.Ad-Hoc|iPhoneSimulator.Deploy.0 = Release|x86
		{88757998-8F93-476C-99B0-A11E9FD146B2}.Ad-Hoc|x64.ActiveCfg = Release|x64
		{88757998-8F93-476C-99B0-A11E9FD146B2}.Ad-Hoc|x64.Build.0 = Release|x64
		{88757998-8F93-476C-99B0-A11E9FD146B2}.Ad-Hoc|x64.Deploy.0 = Release|x64
		{88757998-8F93-476C-99B0-A11E9FD146B2}.Ad-Hoc|x86.ActiveCfg = Release|x86
		{88757998-8F93-476C-99B0-A11E9FD146B2}.Ad-Hoc|x86.Build.0 = Release|x86
		{88757998-8F93-476C-99B0-A11E9FD146B2}.Ad-Hoc|x86.Deploy.0 = Release|x86
		{88757998-8F93-476C-99B0-A11E9FD146B2}.AppStore|Any CPU.ActiveCfg = Release|x86
		{88757998-8F93-476C-99B0-A11E9FD146B2}.AppStore|Any CPU.Build.0 = Release|x86
		{88757998-8F93-476C-99B0-A11E9FD146B2}.AppStore|Any CPU.Deploy.0 = Release|x86
		{88757998-8F93-476C-99B0-A11E9FD146B2}.AppStore|ARM.ActiveCfg = Release|ARM
		{88757998-8F93-476C-99B0-A11E9FD146B2}.AppStore|ARM.Build.0 = Release|ARM
		{88757998-8F93-476C-99B0-A11E9FD146B2}.AppStore|ARM.Deploy.0 = Release|ARM
		{88757998-8F93-476C-99B0-A11E9FD146B2}.AppStore|iPhone.ActiveCfg = Release|x86
		{88757998-8F93-476C-99B0-A11E9FD146B2}.AppStore|iPhone.Build.0 = Release|x86
		{88757998-8F93-476C-99B0-A11E9FD146B2}.AppStore|iPhone.Deploy.0 = Release|x86
		{88757998-8F93-476C-99B0-A11E9FD146B2}.AppStore|iPhoneSimulator.ActiveCfg = Release|x86
		{88757998-8F93-476C-99B0-A11E9FD146B2}.AppStore|iPhoneSimulator.Build.0 = Release|x86
		{88757998-8F93-476C-99B0-A11E9FD146B2}.AppStore|iPhoneSimulator.Deploy.0 = Release|x86
		{88757998-8F93-476C-99B0-A11E9FD146B2}.AppStore|x64.ActiveCfg = Release|x64
		{88757998-8F93-476C-99B0-A11E9FD146B2}.AppStore|x64.Build.0 = Release|x64
		{88757998-8F93-476C-99B0-A11E9FD146B2}.AppStore|x64.Deploy.0 = Release|x64
		{88757998-8F93-476C-99B0-A11E9FD146B2}.AppStore|x86.ActiveCfg = Release|x86
		{88757998-8F93-476C-99B0-A11E9FD146B2}.AppStore|x86.Build.0 = Release|x86
		{88757998-8F93-476C-99B0-A11E9FD146B2}.AppStore|x86.Deploy.0 = Release|x86
		{88757998-8F93-476C-99B0-A11E9FD146B2}.Debug|Any CPU.ActiveCfg = Debug|x86
		{88757998-8F93-476C-99B0-A11E9FD146B2}.Debug|ARM.ActiveCfg = Debug|ARM
		{88757998-8F93-476C-99B0-A11E9FD146B2}.Debug|iPhone.ActiveCfg = Debug|x86
		{88757998-8F93-476C-99B0-A11E9FD146B2}.Debug|iPhoneSimulator.ActiveCfg = Debug|x86
		{88757998-8F93-476C-99B0-A11E9FD146B2}.Debug|x64.ActiveCfg = Debug|x64
		{88757998-8F93-476C-99B0-A11E9FD146B2}.Debug|x64.Build.0 = Debug|x64
		{88757998-8F93-476C-99B0-A11E9FD146B2}.Debug|x64.Deploy.0 = Debug|x64
		{88757998-8F93-476C-99B0-A11E9FD146B2}.Debug|x86.ActiveCfg = Debug|x86
		{88757998-8F93-476C-99B0-A11E9FD146B2}.Debug|x86.Build.0 = Debug|x86
		{88757998-8F93-476C-99B0-A11E9FD146B2}.Debug|x86.Deploy.0 = Debug|x86
		{88757998-8F93-476C-99B0-A11E9FD146B2}.Release|Any CPU.ActiveCfg = Release|x86
		{88757998-8F93-476C-99B0-A11E9FD146B2}.Release|ARM.ActiveCfg = Release|ARM
		{88757998-8F93-476C-99B0-A11E9FD146B2}.Release|ARM.Build.0 = Release|ARM
		{88757998-8F93-476C-99B0-A11E9FD146B2}.Release|ARM.Deploy.0 = Release|ARM
		{88757998-8F93-476C-99B0-A11E9FD146B2}.Release|iPhone.ActiveCfg = Release|x86
		{88757998-8F93-476C-99B0-A11E9FD146B2}.Release|iPhoneSimulator.ActiveCfg = Release|x86
		{88757998-8F93-476C-99B0-A11E9FD146B2}.Release|x64.ActiveCfg = Release|x64
		{88757998-8F93-476C-99B0-A11E9FD146B2}.Release|x64.Build.0 = Release|x64
		{88757998-8F93-476C-99B0-A11E9FD146B2}.Release|x64.Deploy.0 = Release|x64
		{88757998-8F93-476C-99B0-A11E9FD146B2}.Release|x86.ActiveCfg = Release|x86
		{88757998-8F93-476C-99B0-A11E9FD146B2}.Release|x86.Build.0 = Release|x86
		{88757998-8F93-476C-99B0-A11E9FD146B2}.Release|x86.Deploy.0 = Release|x86
		{5F3805D3-70E1-4BFD-AC02-ADAD2E1C4C2F}.Ad-Hoc|Any CPU.ActiveCfg = Debug|Any CPU
		{5F3805D3-70E1-4BFD-AC02-ADAD2E1C4C2F}.Ad-Hoc|Any CPU.Build.0 = Debug|Any CPU
		{5F3805D3-70E1-4BFD-AC02-ADAD2E1C4C2F}.Ad-Hoc|ARM.ActiveCfg = Debug|Any CPU
		{5F3805D3-70E1-4BFD-AC02-ADAD2E1C4C2F}.Ad-Hoc|ARM.Build.0 = Debug|Any CPU
		{5F3805D3-70E1-4BFD-AC02-ADAD2E1C4C2F}.Ad-Hoc|iPhone.ActiveCfg = Debug|Any CPU
		{5F3805D3-70E1-4BFD-AC02-ADAD2E1C4C2F}.Ad-Hoc|iPhone.Build.0 = Debug|Any CPU
		{5F3805D3-70E1-4BFD-AC02-ADAD2E1C4C2F}.Ad-Hoc|iPhoneSimulator.ActiveCfg = Debug|Any CPU
		{5F3805D3-70E1-4BFD-AC02-ADAD2E1C4C2F}.Ad-Hoc|iPhoneSimulator.Build.0 = Debug|Any CPU
		{5F3805D3-70E1-4BFD-AC02-ADAD2E1C4C2F}.Ad-Hoc|x64.ActiveCfg = Debug|Any CPU
		{5F3805D3-70E1-4BFD-AC02-ADAD2E1C4C2F}.Ad-Hoc|x64.Build.0 = Debug|Any CPU
		{5F3805D3-70E1-4BFD-AC02-ADAD2E1C4C2F}.Ad-Hoc|x86.ActiveCfg = Debug|Any CPU
		{5F3805D3-70E1-4BFD-AC02-ADAD2E1C4C2F}.Ad-Hoc|x86.Build.0 = Debug|Any CPU
		{5F3805D3-70E1-4BFD-AC02-ADAD2E1C4C2F}.AppStore|Any CPU.ActiveCfg = Debug|Any CPU
		{5F3805D3-70E1-4BFD-AC02-ADAD2E1C4C2F}.AppStore|Any CPU.Build.0 = Debug|Any CPU
		{5F3805D3-70E1-4BFD-AC02-ADAD2E1C4C2F}.AppStore|ARM.ActiveCfg = Debug|Any CPU
		{5F3805D3-70E1-4BFD-AC02-ADAD2E1C4C2F}.AppStore|ARM.Build.0 = Debug|Any CPU
		{5F3805D3-70E1-4BFD-AC02-ADAD2E1C4C2F}.AppStore|iPhone.ActiveCfg = Debug|Any CPU
		{5F3805D3-70E1-4BFD-AC02-ADAD2E1C4C2F}.AppStore|iPhone.Build.0 = Debug|Any CPU
		{5F3805D3-70E1-4BFD-AC02-ADAD2E1C4C2F}.AppStore|iPhoneSimulator.ActiveCfg = Debug|Any CPU
		{5F3805D3-70E1-4BFD-AC02-ADAD2E1C4C2F}.AppStore|iPhoneSimulator.Build.0 = Debug|Any CPU
		{5F3805D3-70E1-4BFD-AC02-ADAD2E1C4C2F}.AppStore|x64.ActiveCfg = Debug|Any CPU
		{5F3805D3-70E1-4BFD-AC02-ADAD2E1C4C2F}.AppStore|x64.Build.0 = Debug|Any CPU
		{5F3805D3-70E1-4BFD-AC02-ADAD2E1C4C2F}.AppStore|x86.ActiveCfg = Debug|Any CPU
		{5F3805D3-70E1-4BFD-AC02-ADAD2E1C4C2F}.AppStore|x86.Build.0 = Debug|Any CPU
		{5F3805D3-70E1-4BFD-AC02-ADAD2E1C4C2F}.Debug|Any CPU.ActiveCfg = Debug|Any CPU
		{5F3805D3-70E1-4BFD-AC02-ADAD2E1C4C2F}.Debug|Any CPU.Build.0 = Debug|Any CPU
		{5F3805D3-70E1-4BFD-AC02-ADAD2E1C4C2F}.Debug|ARM.ActiveCfg = Debug|Any CPU
		{5F3805D3-70E1-4BFD-AC02-ADAD2E1C4C2F}.Debug|ARM.Build.0 = Debug|Any CPU
		{5F3805D3-70E1-4BFD-AC02-ADAD2E1C4C2F}.Debug|iPhone.ActiveCfg = Debug|Any CPU
		{5F3805D3-70E1-4BFD-AC02-ADAD2E1C4C2F}.Debug|iPhone.Build.0 = Debug|Any CPU
		{5F3805D3-70E1-4BFD-AC02-ADAD2E1C4C2F}.Debug|iPhoneSimulator.ActiveCfg = Debug|Any CPU
		{5F3805D3-70E1-4BFD-AC02-ADAD2E1C4C2F}.Debug|iPhoneSimulator.Build.0 = Debug|Any CPU
		{5F3805D3-70E1-4BFD-AC02-ADAD2E1C4C2F}.Debug|x64.ActiveCfg = Debug|Any CPU
		{5F3805D3-70E1-4BFD-AC02-ADAD2E1C4C2F}.Debug|x64.Build.0 = Debug|Any CPU
		{5F3805D3-70E1-4BFD-AC02-ADAD2E1C4C2F}.Debug|x86.ActiveCfg = Debug|Any CPU
		{5F3805D3-70E1-4BFD-AC02-ADAD2E1C4C2F}.Debug|x86.Build.0 = Debug|Any CPU
		{5F3805D3-70E1-4BFD-AC02-ADAD2E1C4C2F}.Release|Any CPU.ActiveCfg = Release|Any CPU
		{5F3805D3-70E1-4BFD-AC02-ADAD2E1C4C2F}.Release|Any CPU.Build.0 = Release|Any CPU
		{5F3805D3-70E1-4BFD-AC02-ADAD2E1C4C2F}.Release|ARM.ActiveCfg = Release|Any CPU
		{5F3805D3-70E1-4BFD-AC02-ADAD2E1C4C2F}.Release|ARM.Build.0 = Release|Any CPU
		{5F3805D3-70E1-4BFD-AC02-ADAD2E1C4C2F}.Release|iPhone.ActiveCfg = Release|Any CPU
		{5F3805D3-70E1-4BFD-AC02-ADAD2E1C4C2F}.Release|iPhone.Build.0 = Release|Any CPU
		{5F3805D3-70E1-4BFD-AC02-ADAD2E1C4C2F}.Release|iPhoneSimulator.ActiveCfg = Release|Any CPU
		{5F3805D3-70E1-4BFD-AC02-ADAD2E1C4C2F}.Release|iPhoneSimulator.Build.0 = Release|Any CPU
		{5F3805D3-70E1-4BFD-AC02-ADAD2E1C4C2F}.Release|x64.ActiveCfg = Release|Any CPU
		{5F3805D3-70E1-4BFD-AC02-ADAD2E1C4C2F}.Release|x64.Build.0 = Release|Any CPU
		{5F3805D3-70E1-4BFD-AC02-ADAD2E1C4C2F}.Release|x86.ActiveCfg = Release|Any CPU
		{5F3805D3-70E1-4BFD-AC02-ADAD2E1C4C2F}.Release|x86.Build.0 = Release|Any CPU
		{156185C1-8BFA-4AAF-A955-646D561B542B}.Ad-Hoc|Any CPU.ActiveCfg = Debug|Any CPU
		{156185C1-8BFA-4AAF-A955-646D561B542B}.Ad-Hoc|Any CPU.Build.0 = Debug|Any CPU
		{156185C1-8BFA-4AAF-A955-646D561B542B}.Ad-Hoc|ARM.ActiveCfg = Debug|Any CPU
		{156185C1-8BFA-4AAF-A955-646D561B542B}.Ad-Hoc|ARM.Build.0 = Debug|Any CPU
		{156185C1-8BFA-4AAF-A955-646D561B542B}.Ad-Hoc|iPhone.ActiveCfg = Debug|Any CPU
		{156185C1-8BFA-4AAF-A955-646D561B542B}.Ad-Hoc|iPhone.Build.0 = Debug|Any CPU
		{156185C1-8BFA-4AAF-A955-646D561B542B}.Ad-Hoc|iPhoneSimulator.ActiveCfg = Debug|Any CPU
		{156185C1-8BFA-4AAF-A955-646D561B542B}.Ad-Hoc|iPhoneSimulator.Build.0 = Debug|Any CPU
		{156185C1-8BFA-4AAF-A955-646D561B542B}.Ad-Hoc|x64.ActiveCfg = Debug|Any CPU
		{156185C1-8BFA-4AAF-A955-646D561B542B}.Ad-Hoc|x64.Build.0 = Debug|Any CPU
		{156185C1-8BFA-4AAF-A955-646D561B542B}.Ad-Hoc|x86.ActiveCfg = Debug|Any CPU
		{156185C1-8BFA-4AAF-A955-646D561B542B}.Ad-Hoc|x86.Build.0 = Debug|Any CPU
		{156185C1-8BFA-4AAF-A955-646D561B542B}.AppStore|Any CPU.ActiveCfg = Debug|Any CPU
		{156185C1-8BFA-4AAF-A955-646D561B542B}.AppStore|Any CPU.Build.0 = Debug|Any CPU
		{156185C1-8BFA-4AAF-A955-646D561B542B}.AppStore|ARM.ActiveCfg = Debug|Any CPU
		{156185C1-8BFA-4AAF-A955-646D561B542B}.AppStore|ARM.Build.0 = Debug|Any CPU
		{156185C1-8BFA-4AAF-A955-646D561B542B}.AppStore|iPhone.ActiveCfg = Debug|Any CPU
		{156185C1-8BFA-4AAF-A955-646D561B542B}.AppStore|iPhone.Build.0 = Debug|Any CPU
		{156185C1-8BFA-4AAF-A955-646D561B542B}.AppStore|iPhoneSimulator.ActiveCfg = Debug|Any CPU
		{156185C1-8BFA-4AAF-A955-646D561B542B}.AppStore|iPhoneSimulator.Build.0 = Debug|Any CPU
		{156185C1-8BFA-4AAF-A955-646D561B542B}.AppStore|x64.ActiveCfg = Debug|Any CPU
		{156185C1-8BFA-4AAF-A955-646D561B542B}.AppStore|x64.Build.0 = Debug|Any CPU
		{156185C1-8BFA-4AAF-A955-646D561B542B}.AppStore|x86.ActiveCfg = Debug|Any CPU
		{156185C1-8BFA-4AAF-A955-646D561B542B}.AppStore|x86.Build.0 = Debug|Any CPU
		{156185C1-8BFA-4AAF-A955-646D561B542B}.Debug|Any CPU.ActiveCfg = Debug|Any CPU
		{156185C1-8BFA-4AAF-A955-646D561B542B}.Debug|Any CPU.Build.0 = Debug|Any CPU
		{156185C1-8BFA-4AAF-A955-646D561B542B}.Debug|ARM.ActiveCfg = Debug|Any CPU
		{156185C1-8BFA-4AAF-A955-646D561B542B}.Debug|ARM.Build.0 = Debug|Any CPU
		{156185C1-8BFA-4AAF-A955-646D561B542B}.Debug|iPhone.ActiveCfg = Debug|Any CPU
		{156185C1-8BFA-4AAF-A955-646D561B542B}.Debug|iPhone.Build.0 = Debug|Any CPU
		{156185C1-8BFA-4AAF-A955-646D561B542B}.Debug|iPhoneSimulator.ActiveCfg = Debug|Any CPU
		{156185C1-8BFA-4AAF-A955-646D561B542B}.Debug|iPhoneSimulator.Build.0 = Debug|Any CPU
		{156185C1-8BFA-4AAF-A955-646D561B542B}.Debug|x64.ActiveCfg = Debug|Any CPU
		{156185C1-8BFA-4AAF-A955-646D561B542B}.Debug|x64.Build.0 = Debug|Any CPU
		{156185C1-8BFA-4AAF-A955-646D561B542B}.Debug|x86.ActiveCfg = Debug|Any CPU
		{156185C1-8BFA-4AAF-A955-646D561B542B}.Debug|x86.Build.0 = Debug|Any CPU
		{156185C1-8BFA-4AAF-A955-646D561B542B}.Release|Any CPU.ActiveCfg = Release|Any CPU
		{156185C1-8BFA-4AAF-A955-646D561B542B}.Release|Any CPU.Build.0 = Release|Any CPU
		{156185C1-8BFA-4AAF-A955-646D561B542B}.Release|ARM.ActiveCfg = Release|Any CPU
		{156185C1-8BFA-4AAF-A955-646D561B542B}.Release|ARM.Build.0 = Release|Any CPU
		{156185C1-8BFA-4AAF-A955-646D561B542B}.Release|iPhone.ActiveCfg = Release|Any CPU
		{156185C1-8BFA-4AAF-A955-646D561B542B}.Release|iPhone.Build.0 = Release|Any CPU
		{156185C1-8BFA-4AAF-A955-646D561B542B}.Release|iPhoneSimulator.ActiveCfg = Release|Any CPU
		{156185C1-8BFA-4AAF-A955-646D561B542B}.Release|iPhoneSimulator.Build.0 = Release|Any CPU
		{156185C1-8BFA-4AAF-A955-646D561B542B}.Release|x64.ActiveCfg = Release|Any CPU
		{156185C1-8BFA-4AAF-A955-646D561B542B}.Release|x64.Build.0 = Release|Any CPU
		{156185C1-8BFA-4AAF-A955-646D561B542B}.Release|x86.ActiveCfg = Release|Any CPU
		{156185C1-8BFA-4AAF-A955-646D561B542B}.Release|x86.Build.0 = Release|Any CPU
		{3D7A55DF-FE08-4561-B5C5-11A5921E2586}.Ad-Hoc|Any CPU.ActiveCfg = Release|Any CPU
		{3D7A55DF-FE08-4561-B5C5-11A5921E2586}.Ad-Hoc|Any CPU.Build.0 = Release|Any CPU
		{3D7A55DF-FE08-4561-B5C5-11A5921E2586}.Ad-Hoc|ARM.ActiveCfg = Release|Any CPU
		{3D7A55DF-FE08-4561-B5C5-11A5921E2586}.Ad-Hoc|ARM.Build.0 = Release|Any CPU
		{3D7A55DF-FE08-4561-B5C5-11A5921E2586}.Ad-Hoc|iPhone.ActiveCfg = Release|Any CPU
		{3D7A55DF-FE08-4561-B5C5-11A5921E2586}.Ad-Hoc|iPhone.Build.0 = Release|Any CPU
		{3D7A55DF-FE08-4561-B5C5-11A5921E2586}.Ad-Hoc|iPhoneSimulator.ActiveCfg = Release|Any CPU
		{3D7A55DF-FE08-4561-B5C5-11A5921E2586}.Ad-Hoc|iPhoneSimulator.Build.0 = Release|Any CPU
		{3D7A55DF-FE08-4561-B5C5-11A5921E2586}.Ad-Hoc|x64.ActiveCfg = Release|Any CPU
		{3D7A55DF-FE08-4561-B5C5-11A5921E2586}.Ad-Hoc|x64.Build.0 = Release|Any CPU
		{3D7A55DF-FE08-4561-B5C5-11A5921E2586}.Ad-Hoc|x86.ActiveCfg = Release|Any CPU
		{3D7A55DF-FE08-4561-B5C5-11A5921E2586}.Ad-Hoc|x86.Build.0 = Release|Any CPU
		{3D7A55DF-FE08-4561-B5C5-11A5921E2586}.AppStore|Any CPU.ActiveCfg = Release|Any CPU
		{3D7A55DF-FE08-4561-B5C5-11A5921E2586}.AppStore|Any CPU.Build.0 = Release|Any CPU
		{3D7A55DF-FE08-4561-B5C5-11A5921E2586}.AppStore|ARM.ActiveCfg = Release|Any CPU
		{3D7A55DF-FE08-4561-B5C5-11A5921E2586}.AppStore|ARM.Build.0 = Release|Any CPU
		{3D7A55DF-FE08-4561-B5C5-11A5921E2586}.AppStore|iPhone.ActiveCfg = Release|Any CPU
		{3D7A55DF-FE08-4561-B5C5-11A5921E2586}.AppStore|iPhone.Build.0 = Release|Any CPU
		{3D7A55DF-FE08-4561-B5C5-11A5921E2586}.AppStore|iPhoneSimulator.ActiveCfg = Release|Any CPU
		{3D7A55DF-FE08-4561-B5C5-11A5921E2586}.AppStore|iPhoneSimulator.Build.0 = Release|Any CPU
		{3D7A55DF-FE08-4561-B5C5-11A5921E2586}.AppStore|x64.ActiveCfg = Release|Any CPU
		{3D7A55DF-FE08-4561-B5C5-11A5921E2586}.AppStore|x64.Build.0 = Release|Any CPU
		{3D7A55DF-FE08-4561-B5C5-11A5921E2586}.AppStore|x86.ActiveCfg = Release|Any CPU
		{3D7A55DF-FE08-4561-B5C5-11A5921E2586}.AppStore|x86.Build.0 = Release|Any CPU
		{3D7A55DF-FE08-4561-B5C5-11A5921E2586}.Debug|Any CPU.ActiveCfg = Debug|Any CPU
		{3D7A55DF-FE08-4561-B5C5-11A5921E2586}.Debug|Any CPU.Build.0 = Debug|Any CPU
		{3D7A55DF-FE08-4561-B5C5-11A5921E2586}.Debug|ARM.ActiveCfg = Debug|Any CPU
		{3D7A55DF-FE08-4561-B5C5-11A5921E2586}.Debug|ARM.Build.0 = Debug|Any CPU
		{3D7A55DF-FE08-4561-B5C5-11A5921E2586}.Debug|iPhone.ActiveCfg = Debug|Any CPU
		{3D7A55DF-FE08-4561-B5C5-11A5921E2586}.Debug|iPhone.Build.0 = Debug|Any CPU
		{3D7A55DF-FE08-4561-B5C5-11A5921E2586}.Debug|iPhoneSimulator.ActiveCfg = Debug|Any CPU
		{3D7A55DF-FE08-4561-B5C5-11A5921E2586}.Debug|iPhoneSimulator.Build.0 = Debug|Any CPU
		{3D7A55DF-FE08-4561-B5C5-11A5921E2586}.Debug|x64.ActiveCfg = Debug|Any CPU
		{3D7A55DF-FE08-4561-B5C5-11A5921E2586}.Debug|x64.Build.0 = Debug|Any CPU
		{3D7A55DF-FE08-4561-B5C5-11A5921E2586}.Debug|x86.ActiveCfg = Debug|Any CPU
		{3D7A55DF-FE08-4561-B5C5-11A5921E2586}.Debug|x86.Build.0 = Debug|Any CPU
		{3D7A55DF-FE08-4561-B5C5-11A5921E2586}.Release|Any CPU.ActiveCfg = Release|Any CPU
		{3D7A55DF-FE08-4561-B5C5-11A5921E2586}.Release|Any CPU.Build.0 = Release|Any CPU
		{3D7A55DF-FE08-4561-B5C5-11A5921E2586}.Release|ARM.ActiveCfg = Release|Any CPU
		{3D7A55DF-FE08-4561-B5C5-11A5921E2586}.Release|ARM.Build.0 = Release|Any CPU
		{3D7A55DF-FE08-4561-B5C5-11A5921E2586}.Release|iPhone.ActiveCfg = Release|Any CPU
		{3D7A55DF-FE08-4561-B5C5-11A5921E2586}.Release|iPhone.Build.0 = Release|Any CPU
		{3D7A55DF-FE08-4561-B5C5-11A5921E2586}.Release|iPhoneSimulator.ActiveCfg = Release|Any CPU
		{3D7A55DF-FE08-4561-B5C5-11A5921E2586}.Release|iPhoneSimulator.Build.0 = Release|Any CPU
		{3D7A55DF-FE08-4561-B5C5-11A5921E2586}.Release|x64.ActiveCfg = Release|Any CPU
		{3D7A55DF-FE08-4561-B5C5-11A5921E2586}.Release|x64.Build.0 = Release|Any CPU
		{3D7A55DF-FE08-4561-B5C5-11A5921E2586}.Release|x86.ActiveCfg = Release|Any CPU
		{3D7A55DF-FE08-4561-B5C5-11A5921E2586}.Release|x86.Build.0 = Release|Any CPU
	EndGlobalSection
	GlobalSection(SolutionProperties) = preSolution
		HideSolutionNode = FALSE
	EndGlobalSection
	GlobalSection(NestedProjects) = preSolution
		{E979272C-B725-4B94-BE27-58DC3FDFBBDB} = {5EBBFCE9-80E9-446D-AA33-E85153677FB8}
		{85707998-85DC-4F6D-8096-58A0F6E61A34} = {5EBBFCE9-80E9-446D-AA33-E85153677FB8}
		{88757998-8F93-476C-99B0-A11E9FD146B2} = {5EBBFCE9-80E9-446D-AA33-E85153677FB8}
		{5F3805D3-70E1-4BFD-AC02-ADAD2E1C4C2F} = {5EBBFCE9-80E9-446D-AA33-E85153677FB8}
	EndGlobalSection
	GlobalSection(ExtensibilityGlobals) = postSolution
		SolutionGuid = {C83EFFCA-71BB-4801-9F4F-72D849A1D840}
	EndGlobalSection
EndGlobal
